{
  "nodes": {
    "bunny-yazi": {
      "flake": false,
      "locked": {
        "lastModified": 1773026544,
        "narHash": "sha256-uQO0C00yOFPWq8KEO/kEZM6tFZRc9SiXfgN7kzlwDeA=",
        "owner": "stelcodes",
        "repo": "bunny.yazi",
        "rev": "71b14a3d624572f4884354c2e218296e9ece07cc",
        "type": "github"
      },
      "original": {
        "owner": "stelcodes",
        "repo": "bunny.yazi",
        "type": "github"
      }
    },
    "command-palette-yazi": {
      "flake": false,
      "locked": {
        "lastModified": 1751953781,
        "narHash": "sha256-Mt1q05YgexMyHpy8qQ778jBny9f7XrftDZXjzONZVxg=",
        "owner": "Mr-Ples",
        "repo": "command-palette.yazi",
        "rev": "e5e61057381e2642d36ba5b9a4977c8196bc1791",
        "type": "github"
      },
      "original": {
        "owner": "Mr-Ples",
        "repo": "command-palette.yazi",
        "type": "github"
      }
    },
    "flake-parts": {
      "inputs": {
        "nixpkgs-lib": "nixpkgs-lib"
      },
      "locked": {
        "lastModified": 1785627969,
        "narHash": "sha256-4dtXQk/NMePegK/nWp5NSeuZKLATItOq61lpEvmXqGw=",
        "owner": "hercules-ci",
        "repo": "flake-parts",
        "rev": "427bf4bd9435fdf21321c8cc628c24efc14c0f7a",
        "type": "github"
      },
      "original": {
        "owner": "hercules-ci",
        "repo": "flake-parts",
        "type": "github"
      }
    },
    "home-manager": {
      "inputs": {
        "nixpkgs": [
          "nixpkgs"
        ]
      },
      "locked": {
        "lastModified": 1787176219,
        "narHash": "sha256-djoRr6jBpe35q/0JwAvXpFXg1Ktf+X54NU2RLR7wnHw=",
        "owner": "nix-community",
        "repo": "home-manager",
        "rev": "c53d643b3737e2fcd04e6cb3b3580ef50b2087a0",
        "type": "github"
      },
      "original": {
        "owner": "nix-community",
        "repo": "home-manager",
        "type": "github"
      }
    },
    "import-tree": {
      "locked": {
        "lastModified": 1784254960,
        "narHash": "sha256-iI88R3wHz8wTKQb5orvpc51L/Xr64AJyxid/0MKa/b8=",
        "owner": "vic",
        "repo": "import-tree",
        "rev": "4ebb10ae17d5f1ad366e7aef5b92cb8eecf24f69",
        "type": "github"
      },
      "original": {
        "owner": "vic",
        "repo": "import-tree",
        "type": "github"
      }
    },
    "nixpkgs": {
      "locked": {
        "lastModified": 1787135253,
        "narHash": "sha256-RD2kNWCG+Bjo6h+JVjWVNntZs2GtRoeY2xHjts/FNkA=",
        "owner": "nixos",
        "repo": "nixpkgs",
        "rev": "ffb3c9b700e759be2ef13237c9d8f953b32a1e46",
        "type": "github"
      },
      "original": {
        "owner": "nixos",
        "ref": "nixos-unstable",
        "repo": "nixpkgs",
        "type": "github"
      }
    },
    "nixpkgs-lib": {
      "locked": {
        "lastModified": 1785031560,
        "narHash": "sha256-OmshNvn2vupOFpYinLUu+1Dnpu4n7Q5N3ggGVNHpkUI=",
        "owner": "nix-community",
        "repo": "nixpkgs.lib",
        "rev": "0e79af5e3d4dcfcd676ab5ba3f95d2e3352e078c",
        "type": "github"
      },
      "original": {
        "owner": "nix-community",
        "repo": "nixpkgs.lib",
        "type": "github"
      }
    },
    "nixpkgs_2": {
      "locked": {
        "lastModified": 1786719841,
        "narHash": "sha256-QcpQOT0NQEFkI77t+YXPZqDJc35iIodG7zinieOwFUg=",
        "owner": "NixOS",
        "repo": "nixpkgs",
        "rev": "8be7bd0c83f12e2e3bbba07c9044d6fed9e66f7f",
        "type": "github"
      },
      "original": {
        "owner": "NixOS",
        "ref": "nixpkgs-unstable",
        "repo": "nixpkgs",
        "type": "github"
      }
    },
    "noctalia": {
      "inputs": {
        "nixpkgs": [
          "nixpkgs"
        ]
      },
      "locked": {
        "lastModified": 1787272040,
        "narHash": "sha256-YZxcF28MvmXOVt1sq0lXddgYVIj/5exDh0vztl/vIvw=",
        "owner": "noctalia-dev",
        "repo": "noctalia",
        "rev": "791e557417ceeba0e57562af2ddcbd3d8b93f62a",
        "type": "github"
      },
      "original": {
        "owner": "noctalia-dev",
        "repo": "noctalia",
        "type": "github"
      }
    },
    "root": {
      "inputs": {
        "bunny-yazi": "bunny-yazi",
        "command-palette-yazi": "command-palette-yazi",
        "flake-parts": "flake-parts",
        "home-manager": "home-manager",
        "import-tree": "import-tree",
        "nixpkgs": "nixpkgs",
        "noctalia": "noctalia",
        "wrapper-modules": "wrapper-modules",
        "zen-browser": "zen-browser"
      }
    },
    "wrapper-modules": {
      "inputs": {
        "nixpkgs": "nixpkgs_2"
      },
      "locked": {
        "lastModified": 1787170572,
        "narHash": "sha256-uVHI/TBIX1dVaCZfw0f/gj67f9gOmRLy0kwqGucztRI=",
        "owner": "BirdeeHub",
        "repo": "nix-wrapper-modules",
        "rev": "7a6279b12ee668bd897c7ed444ce2031c6dbeaa0",
        "type": "github"
      },
      "original": {
        "owner": "BirdeeHub",
        "repo": "nix-wrapper-modules",
        "type": "github"
      }
    },
    "zen-browser": {
      "inputs": {
        "home-manager": [
          "home-manager"
        ],
        "nixpkgs": [
          "nixpkgs"
        ]
      },
      "locked": {
        "lastModified": 1787264895,
        "narHash": "sha256-aj43Fhlstf8zrkQ/zPRxGCVtyb/lrEcBdUCCZ4UTZ18=",
        "owner": "0xc000022070",
        "repo": "zen-browser-flake",
        "rev": "09ea94b39f36fbee3361aaf47c2d8f3e4e123eaa",
        "type": "github"
      },
      "original": {
        "owner": "0xc000022070",
        "repo": "zen-browser-flake",
        "type": "github"
      }
    }
  },
  "root": "root",
  "version": 7
}
